
Microsoft Visual Studio Solution File, Format Version 12.00
# Visual Studio Version 16
VisualStudioVersion = 16.0.31702.278
MinimumVisualStudioVersion = 10.0.40219.1
Project("{FAE04EC0-301F-11D3-BF4B-00C04F79EFBC}") = "TestHangman", "TestHangman\TestHangman.csproj", "{1BA95387-7078-40FB-B20F-F1CAD774BDA1}"
EndProject
Global
	GlobalSection(SolutionConfigurationPlatforms) = preSolution
		Debug|Any CPU = Debug|Any CPU
		Release|Any CPU = Release|Any CPU
	EndGlobalSection
	GlobalSection(ProjectConfigurationPlatforms) = postSolution
		{1BA95387-7078-40FB-B20F-F1CAD774BDA1}.Debug|Any CPU.ActiveCfg = Debug|Any CPU
		{1BA95387-7078-40FB-B20F-F1CAD774BDA1}.Debug|Any CPU.Build.0 = Debug|Any CPU
		{1BA95387-7078-40FB-B20F-F1CAD774BDA1}.Release|Any CPU.ActiveCfg = Release|Any CPU
		{1BA95387-7078-40FB-B20F-F1CAD774BDA1}.Release|Any CPU.Build.0 = Release|Any CPU
	EndGlobalSection
	GlobalSection(SolutionProperties) = preSolution
		HideSolutionNode = FALSE
	EndGlobalSection
	GlobalSection(ExtensibilityGlobals) = postSolution
		SolutionGuid = {2CA0B72F-A3A2-49CF-9671-519E475DFBE1}
	EndGlobalSection
EndGlobal
